
Microsoft Visual Studio Solution File, Format Version 12.00
# Visual Studio 15
VisualStudioVersion = 15.0.28010.2036
MinimumVisualStudioVersion = 10.0.40219.1
Project("{FAE04EC0-301F-11D3-BF4B-00C04F79EFBC}") = "ClsWrkWhileLoop", "ClsWrkWhileLoop\ClsWrkWhileLoop.csproj", "{FBF9EB6B-B3CB-4127-914E-374AEEF215C7}"
EndProject
Global
	GlobalSection(SolutionConfigurationPlatforms) = preSolution
		Debug|Any CPU = Debug|Any CPU
		Release|Any CPU = Release|Any CPU
	EndGlobalSection
	GlobalSection(ProjectConfigurationPlatforms) = postSolution
		{FBF9EB6B-B3CB-4127-914E-374AEEF215C7}.Debug|Any CPU.ActiveCfg = Debug|Any CPU
		{FBF9EB6B-B3CB-4127-914E-374AEEF215C7}.Debug|Any CPU.Build.0 = Debug|Any CPU
		{FBF9EB6B-B3CB-4127-914E-374AEEF215C7}.Release|Any CPU.ActiveCfg = Release|Any CPU
		{FBF9EB6B-B3CB-4127-914E-374AEEF215C7}.Release|Any CPU.Build.0 = Release|Any CPU
	EndGlobalSection
	GlobalSection(SolutionProperties) = preSolution
		HideSolutionNode = FALSE
	EndGlobalSection
	GlobalSection(ExtensibilityGlobals) = postSolution
		SolutionGuid = {CB6A03DB-7E6C-4461-AB2D-DFE2531669F9}
	EndGlobalSection
EndGlobal
